
Microsoft Visual Studio Solution File, Format Version 12.00
# Visual Studio Version 16
VisualStudioVersion = 16.0.34301.259
MinimumVisualStudioVersion = 10.0.40219.1
Project("{FAE04EC0-301F-11D3-BF4B-00C04F79EFBC}") = "EF_Diana_B1", "EF_Diana_B1.csproj", "{B56EEAE9-F87B-4B4C-8954-4E33D7519A4A}"
EndProject
Global
	GlobalSection(SolutionConfigurationPlatforms) = preSolution
		Debug|Any CPU = Debug|Any CPU
		Release|Any CPU = Release|Any CPU
	EndGlobalSection
	GlobalSection(ProjectConfigurationPlatforms) = postSolution
		{B56EEAE9-F87B-4B4C-8954-4E33D7519A4A}.Debug|Any CPU.ActiveCfg = Debug|Any CPU
		{B56EEAE9-F87B-4B4C-8954-4E33D7519A4A}.Debug|Any CPU.Build.0 = Debug|Any CPU
		{B56EEAE9-F87B-4B4C-8954-4E33D7519A4A}.Release|Any CPU.ActiveCfg = Release|Any CPU
		{B56EEAE9-F87B-4B4C-8954-4E33D7519A4A}.Release|Any CPU.Build.0 = Release|Any CPU
	EndGlobalSection
	GlobalSection(SolutionProperties) = preSolution
		HideSolutionNode = FALSE
	EndGlobalSection
	GlobalSection(ExtensibilityGlobals) = postSolution
		SolutionGuid = {AF28C50A-85F8-40DF-9C8A-CE48831FCFF9}
	EndGlobalSection
EndGlobal
